
Microsoft Visual Studio Solution File, Format Version 12.00
# Visual Studio Express 2013 for Windows
VisualStudioVersion = 12.0.30501.0
MinimumVisualStudioVersion = 10.0.40219.1
Project("{2150E333-8FDC-42A3-9474-1A3956D46DE8}") = "Monokrome", "Monokrome", "{27E0190F-AC66-4F14-BCB2-4D3DD698D246}"
EndProject
Project("{2150E333-8FDC-42A3-9474-1A3956D46DE8}") = "Monokrome UniApp", "Monokrome UniApp", "{079229B6-3F30-4C93-9786-CC71C94AB102}"
EndProject
Project("{FAE04EC0-301F-11D3-BF4B-00C04F79EFBC}") = "Monokrome", "Monokrome\Monokrome.csproj", "{8A54C31C-DF8B-4E28-B685-0D5B2D821B94}"
EndProject
Project("{D954291E-2A0B-460D-934E-DC6B0785DB48}") = "Monokrome.Shared", "Monokrome.Shared\Monokrome.Shared.shproj", "{E7F338D9-610A-403A-9972-BCF113F45949}"
EndProject
Project("{FAE04EC0-301F-11D3-BF4B-00C04F79EFBC}") = "Monokrome.WindowsPhone", "Monokrome.WindowsPhone\Monokrome.WindowsPhone.csproj", "{981BE56A-2068-4614-89B2-E635624514E2}"
EndProject
Project("{2150E333-8FDC-42A3-9474-1A3956D46DE8}") = "Monokrome WP8", "Monokrome WP8", "{D708C754-0030-4F21-84D8-BD4960765C1B}"
EndProject
Project("{FAE04EC0-301F-11D3-BF4B-00C04F79EFBC}") = "Monokrome.WP8", "Monokrome.WP8\Monokrome.WP8.csproj", "{13C0E0A0-1C23-4A91-BEAD-2EF602625C99}"
EndProject
Project("{2150E333-8FDC-42A3-9474-1A3956D46DE8}") = "Monokrome Android", "Monokrome Android", "{B9499122-6657-4914-9708-E18E7D56B5DF}"
EndProject
Project("{FAE04EC0-301F-11D3-BF4B-00C04F79EFBC}") = "Monokrome.Android", "Monokrome.Android\Monokrome.Android.csproj", "{C7883DF5-DE0E-40A7-A4AE-7BCE62338C3F}"
EndProject
Project("{2150E333-8FDC-42A3-9474-1A3956D46DE8}") = "Monokrome.ContentPipelineMock", "Monokrome.ContentPipelineMock", "{B9E0C8F2-75BA-414E-8153-B915400BF4E6}"
EndProject
Project("{FAE04EC0-301F-11D3-BF4B-00C04F79EFBC}") = "XNAContentPipelineMock", "XNAContentPipelineMock\XNAContentPipelineMock\XNAContentPipelineMock.csproj", "{AE2C3746-1830-41C5-827C-7CF81C21D101}"
EndProject
Project("{FAE04EC0-301F-11D3-BF4B-00C04F79EFBC}") = "XNAContentPipelineMockContent", "XNAContentPipelineMock\XNAContentPipelineMockContent\XNAContentPipelineMockContent.contentproj", "{1925FA6D-FAC8-4264-9ECD-9D88143B94ED}"
EndProject
Global
	GlobalSection(SharedMSBuildProjectFiles) = preSolution
		Monokrome.Shared\Monokrome.Shared.projitems*{e7f338d9-610a-403a-9972-bcf113f45949}*SharedItemsImports = 13
		Monokrome.Shared\Monokrome.Shared.projitems*{8a54c31c-df8b-4e28-b685-0d5b2d821b94}*SharedItemsImports = 4
		Monokrome.Shared\Monokrome.Shared.projitems*{981be56a-2068-4614-89b2-e635624514e2}*SharedItemsImports = 4
	EndGlobalSection
	GlobalSection(SolutionConfigurationPlatforms) = preSolution
		Debug_Device|Any CPU = Debug_Device|Any CPU
		Debug_Device|ARM = Debug_Device|ARM
		Debug_Device|Mixed Platforms = Debug_Device|Mixed Platforms
		Debug_Device|x64 = Debug_Device|x64
		Debug_Device|x86 = Debug_Device|x86
		Debug|Any CPU = Debug|Any CPU
		Debug|ARM = Debug|ARM
		Debug|Mixed Platforms = Debug|Mixed Platforms
		Debug|x64 = Debug|x64
		Debug|x86 = Debug|x86
		Release|Any CPU = Release|Any CPU
		Release|ARM = Release|ARM
		Release|Mixed Platforms = Release|Mixed Platforms
		Release|x64 = Release|x64
		Release|x86 = Release|x86
	EndGlobalSection
	GlobalSection(ProjectConfigurationPlatforms) = postSolution
		{8A54C31C-DF8B-4E28-B685-0D5B2D821B94}.Debug_Device|Any CPU.ActiveCfg = Debug|Any CPU
		{8A54C31C-DF8B-4E28-B685-0D5B2D821B94}.Debug_Device|Any CPU.Build.0 = Debug|Any CPU
		{8A54C31C-DF8B-4E28-B685-0D5B2D821B94}.Debug_Device|Any CPU.Deploy.0 = Debug|Any CPU
		{8A54C31C-DF8B-4E28-B685-0D5B2D821B94}.Debug_Device|ARM.ActiveCfg = Debug|ARM
		{8A54C31C-DF8B-4E28-B685-0D5B2D821B94}.Debug_Device|ARM.Build.0 = Debug|ARM
		{8A54C31C-DF8B-4E28-B685-0D5B2D821B94}.Debug_Device|ARM.Deploy.0 = Debug|ARM
		{8A54C31C-DF8B-4E28-B685-0D5B2D821B94}.Debug_Device|Mixed Platforms.ActiveCfg = Debug|x86
		{8A54C31C-DF8B-4E28-B685-0D5B2D821B94}.Debug_Device|Mixed Platforms.Build.0 = Debug|x86
		{8A54C31C-DF8B-4E28-B685-0D5B2D821B94}.Debug_Device|Mixed Platforms.Deploy.0 = Debug|x86
		{8A54C31C-DF8B-4E28-B685-0D5B2D821B94}.Debug_Device|x64.ActiveCfg = Debug|x64
		{8A54C31C-DF8B-4E28-B685-0D5B2D821B94}.Debug_Device|x64.Build.0 = Debug|x64
		{8A54C31C-DF8B-4E28-B685-0D5B2D821B94}.Debug_Device|x64.Deploy.0 = Debug|x64
		{8A54C31C-DF8B-4E28-B685-0D5B2D821B94}.Debug_Device|x86.ActiveCfg = Debug|x86
		{8A54C31C-DF8B-4E28-B685-0D5B2D821B94}.Debug_Device|x86.Build.0 = Debug|x86
		{8A54C31C-DF8B-4E28-B685-0D5B2D821B94}.Debug_Device|x86.Deploy.0 = Debug|x86
		{8A54C31C-DF8B-4E28-B685-0D5B2D821B94}.Debug|Any CPU.ActiveCfg = Debug|Any CPU
		{8A54C31C-DF8B-4E28-B685-0D5B2D821B94}.Debug|Any CPU.Build.0 = Debug|Any CPU
		{8A54C31C-DF8B-4E28-B685-0D5B2D821B94}.Debug|Any CPU.Deploy.0 = Debug|Any CPU
		{8A54C31C-DF8B-4E28-B685-0D5B2D821B94}.Debug|ARM.ActiveCfg = Debug|ARM
		{8A54C31C-DF8B-4E28-B685-0D5B2D821B94}.Debug|ARM.Build.0 = Debug|ARM
		{8A54C31C-DF8B-4E28-B685-0D5B2D821B94}.Debug|ARM.Deploy.0 = Debug|ARM
		{8A54C31C-DF8B-4E28-B685-0D5B2D821B94}.Debug|Mixed Platforms.ActiveCfg = Debug|x86
		{8A54C31C-DF8B-4E28-B685-0D5B2D821B94}.Debug|Mixed Platforms.Build.0 = Debug|x86
		{8A54C31C-DF8B-4E28-B685-0D5B2D821B94}.Debug|Mixed Platforms.Deploy.0 = Debug|x86
		{8A54C31C-DF8B-4E28-B685-0D5B2D821B94}.Debug|x64.ActiveCfg = Debug|x64
		{8A54C31C-DF8B-4E28-B685-0D5B2D821B94}.Debug|x64.Build.0 = Debug|x64
		{8A54C31C-DF8B-4E28-B685-0D5B2D821B94}.Debug|x64.Deploy.0 = Debug|x64
		{8A54C31C-DF8B-4E28-B685-0D5B2D821B94}.Debug|x86.ActiveCfg = Debug|x86
		{8A54C31C-DF8B-4E28-B685-0D5B2D821B94}.Debug|x86.Build.0 = Debug|x86
		{8A54C31C-DF8B-4E28-B685-0D5B2D821B94}.Debug|x86.Deploy.0 = Debug|x86
		{8A54C31C-DF8B-4E28-B685-0D5B2D821B94}.Release|Any CPU.ActiveCfg = Release|Any CPU
		{8A54C31C-DF8B-4E28-B685-0D5B2D821B94}.Release|Any CPU.Build.0 = Release|Any CPU
		{8A54C31C-DF8B-4E28-B685-0D5B2D821B94}.Release|Any CPU.Deploy.0 = Release|Any CPU
		{8A54C31C-DF8B-4E28-B685-0D5B2D821B94}.Release|ARM.ActiveCfg = Release|ARM
		{8A54C31C-DF8B-4E28-B685-0D5B2D821B94}.Release|ARM.Build.0 = Release|ARM
		{8A54C31C-DF8B-4E28-B685-0D5B2D821B94}.Release|ARM.Deploy.0 = Release|ARM
		{8A54C31C-DF8B-4E28-B685-0D5B2D821B94}.Release|Mixed Platforms.ActiveCfg = Release|x86
		{8A54C31C-DF8B-4E28-B685-0D5B2D821B94}.Release|Mixed Platforms.Build.0 = Release|x86
		{8A54C31C-DF8B-4E28-B685-0D5B2D821B94}.Release|Mixed Platforms.Deploy.0 = Release|x86
		{8A54C31C-DF8B-4E28-B685-0D5B2D821B94}.Release|x64.ActiveCfg = Release|x64
		{8A54C31C-DF8B-4E28-B685-0D5B2D821B94}.Release|x64.Build.0 = Release|x64
		{8A54C31C-DF8B-4E28-B685-0D5B2D821B94}.Release|x64.Deploy.0 = Release|x64
		{8A54C31C-DF8B-4E28-B685-0D5B2D821B94}.Release|x86.ActiveCfg = Release|x86
		{8A54C31C-DF8B-4E28-B685-0D5B2D821B94}.Release|x86.Build.0 = Release|x86
		{8A54C31C-DF8B-4E28-B685-0D5B2D821B94}.Release|x86.Deploy.0 = Release|x86
		{981BE56A-2068-4614-89B2-E635624514E2}.Debug_Device|Any CPU.ActiveCfg = Debug|Any CPU
		{981BE56A-2068-4614-89B2-E635624514E2}.Debug_Device|Any CPU.Build.0 = Debug|Any CPU
		{981BE56A-2068-4614-89B2-E635624514E2}.Debug_Device|Any CPU.Deploy.0 = Debug|Any CPU
		{981BE56A-2068-4614-89B2-E635624514E2}.Debug_Device|ARM.ActiveCfg = Debug|ARM
		{981BE56A-2068-4614-89B2-E635624514E2}.Debug_Device|ARM.Build.0 = Debug|ARM
		{981BE56A-2068-4614-89B2-E635624514E2}.Debug_Device|ARM.Deploy.0 = Debug|ARM
		{981BE56A-2068-4614-89B2-E635624514E2}.Debug_Device|Mixed Platforms.ActiveCfg = Debug|x86
		{981BE56A-2068-4614-89B2-E635624514E2}.Debug_Device|Mixed Platforms.Build.0 = Debug|x86
		{981BE56A-2068-4614-89B2-E635624514E2}.Debug_Device|Mixed Platforms.Deploy.0 = Debug|x86
		{981BE56A-2068-4614-89B2-E635624514E2}.Debug_Device|x64.ActiveCfg = Debug|Any CPU
		{981BE56A-2068-4614-89B2-E635624514E2}.Debug_Device|x86.ActiveCfg = Debug|x86
		{981BE56A-2068-4614-89B2-E635624514E2}.Debug_Device|x86.Build.0 = Debug|x86
		{981BE56A-2068-4614-89B2-E635624514E2}.Debug_Device|x86.Deploy.0 = Debug|x86
		{981BE56A-2068-4614-89B2-E635624514E2}.Debug|Any CPU.ActiveCfg = Debug|Any CPU
		{981BE56A-2068-4614-89B2-E635624514E2}.Debug|Any CPU.Build.0 = Debug|Any CPU
		{981BE56A-2068-4614-89B2-E635624514E2}.Debug|Any CPU.Deploy.0 = Debug|Any CPU
		{981BE56A-2068-4614-89B2-E635624514E2}.Debug|ARM.ActiveCfg = Debug|ARM
		{981BE56A-2068-4614-89B2-E635624514E2}.Debug|ARM.Build.0 = Debug|ARM
		{981BE56A-2068-4614-89B2-E635624514E2}.Debug|ARM.Deploy.0 = Debug|ARM
		{981BE56A-2068-4614-89B2-E635624514E2}.Debug|Mixed Platforms.ActiveCfg = Debug|x86
		{981BE56A-2068-4614-89B2-E635624514E2}.Debug|Mixed Platforms.Build.0 = Debug|x86
		{981BE56A-2068-4614-89B2-E635624514E2}.Debug|Mixed Platforms.Deploy.0 = Debug|x86
		{981BE56A-2068-4614-89B2-E635624514E2}.Debug|x64.ActiveCfg = Debug|Any CPU
		{981BE56A-2068-4614-89B2-E635624514E2}.Debug|x86.ActiveCfg = Debug|x86
		{981BE56A-2068-4614-89B2-E635624514E2}.Debug|x86.Build.0 = Debug|x86
		{981BE56A-2068-4614-89B2-E635624514E2}.Debug|x86.Deploy.0 = Debug|x86
		{981BE56A-2068-4614-89B2-E635624514E2}.Release|Any CPU.ActiveCfg = Release|Any CPU
		{981BE56A-2068-4614-89B2-E635624514E2}.Release|Any CPU.Build.0 = Release|Any CPU
		{981BE56A-2068-4614-89B2-E635624514E2}.Release|Any CPU.Deploy.0 = Release|Any CPU
		{981BE56A-2068-4614-89B2-E635624514E2}.Release|ARM.ActiveCfg = Release|ARM
		{981BE56A-2068-4614-89B2-E635624514E2}.Release|ARM.Build.0 = Release|ARM
		{981BE56A-2068-4614-89B2-E635624514E2}.Release|ARM.Deploy.0 = Release|ARM
		{981BE56A-2068-4614-89B2-E635624514E2}.Release|Mixed Platforms.ActiveCfg = Release|x86
		{981BE56A-2068-4614-89B2-E635624514E2}.Release|Mixed Platforms.Build.0 = Release|x86
		{981BE56A-2068-4614-89B2-E635624514E2}.Release|Mixed Platforms.Deploy.0 = Release|x86
		{981BE56A-2068-4614-89B2-E635624514E2}.Release|x64.ActiveCfg = Release|Any CPU
		{981BE56A-2068-4614-89B2-E635624514E2}.Release|x86.ActiveCfg = Release|x86
		{981BE56A-2068-4614-89B2-E635624514E2}.Release|x86.Build.0 = Release|x86
		{981BE56A-2068-4614-89B2-E635624514E2}.Release|x86.Deploy.0 = Release|x86
		{13C0E0A0-1C23-4A91-BEAD-2EF602625C99}.Debug_Device|Any CPU.ActiveCfg = Debug_Device|Any CPU
		{13C0E0A0-1C23-4A91-BEAD-2EF602625C99}.Debug_Device|Any CPU.Build.0 = Debug_Device|Any CPU
		{13C0E0A0-1C23-4A91-BEAD-2EF602625C99}.Debug_Device|Any CPU.Deploy.0 = Debug_Device|Any CPU
		{13C0E0A0-1C23-4A91-BEAD-2EF602625C99}.Debug_Device|ARM.ActiveCfg = Debug_Device|ARM
		{13C0E0A0-1C23-4A91-BEAD-2EF602625C99}.Debug_Device|ARM.Build.0 = Debug_Device|ARM
		{13C0E0A0-1C23-4A91-BEAD-2EF602625C99}.Debug_Device|ARM.Deploy.0 = Debug_Device|ARM
		{13C0E0A0-1C23-4A91-BEAD-2EF602625C99}.Debug_Device|Mixed Platforms.ActiveCfg = Debug_Device|x86
		{13C0E0A0-1C23-4A91-BEAD-2EF602625C99}.Debug_Device|Mixed Platforms.Build.0 = Debug_Device|x86
		{13C0E0A0-1C23-4A91-BEAD-2EF602625C99}.Debug_Device|Mixed Platforms.Deploy.0 = Debug_Device|x86
		{13C0E0A0-1C23-4A91-BEAD-2EF602625C99}.Debug_Device|x64.ActiveCfg = Debug_Device|Any CPU
		{13C0E0A0-1C23-4A91-BEAD-2EF602625C99}.Debug_Device|x86.ActiveCfg = Debug_Device|x86
		{13C0E0A0-1C23-4A91-BEAD-2EF602625C99}.Debug_Device|x86.Build.0 = Debug_Device|x86
		{13C0E0A0-1C23-4A91-BEAD-2EF602625C99}.Debug_Device|x86.Deploy.0 = Debug_Device|x86
		{13C0E0A0-1C23-4A91-BEAD-2EF602625C99}.Debug|Any CPU.ActiveCfg = Debug|Any CPU
		{13C0E0A0-1C23-4A91-BEAD-2EF602625C99}.Debug|Any CPU.Build.0 = Debug|Any CPU
		{13C0E0A0-1C23-4A91-BEAD-2EF602625C99}.Debug|Any CPU.Deploy.0 = Debug|Any CPU
		{13C0E0A0-1C23-4A91-BEAD-2EF602625C99}.Debug|ARM.ActiveCfg = Debug|ARM
		{13C0E0A0-1C23-4A91-BEAD-2EF602625C99}.Debug|ARM.Build.0 = Debug|ARM
		{13C0E0A0-1C23-4A91-BEAD-2EF602625C99}.Debug|ARM.Deploy.0 = Debug|ARM
		{13C0E0A0-1C23-4A91-BEAD-2EF602625C99}.Debug|Mixed Platforms.ActiveCfg = Debug|x86
		{13C0E0A0-1C23-4A91-BEAD-2EF602625C99}.Debug|Mixed Platforms.Build.0 = Debug|x86
		{13C0E0A0-1C23-4A91-BEAD-2EF602625C99}.Debug|Mixed Platforms.Deploy.0 = Debug|x86
		{13C0E0A0-1C23-4A91-BEAD-2EF602625C99}.Debug|x64.ActiveCfg = Debug|Any CPU
		{13C0E0A0-1C23-4A91-BEAD-2EF602625C99}.Debug|x86.ActiveCfg = Debug|x86
		{13C0E0A0-1C23-4A91-BEAD-2EF602625C99}.Debug|x86.Build.0 = Debug|x86
		{13C0E0A0-1C23-4A91-BEAD-2EF602625C99}.Debug|x86.Deploy.0 = Debug|x86
		{13C0E0A0-1C23-4A91-BEAD-2EF602625C99}.Release|Any CPU.ActiveCfg = Release|Any CPU
		{13C0E0A0-1C23-4A91-BEAD-2EF602625C99}.Release|Any CPU.Build.0 = Release|Any CPU
		{13C0E0A0-1C23-4A91-BEAD-2EF602625C99}.Release|Any CPU.Deploy.0 = Release|Any CPU
		{13C0E0A0-1C23-4A91-BEAD-2EF602625C99}.Release|ARM.ActiveCfg = Release|ARM
		{13C0E0A0-1C23-4A91-BEAD-2EF602625C99}.Release|ARM.Build.0 = Release|ARM
		{13C0E0A0-1C23-4A91-BEAD-2EF602625C99}.Release|ARM.Deploy.0 = Release|ARM
		{13C0E0A0-1C23-4A91-BEAD-2EF602625C99}.Release|Mixed Platforms.ActiveCfg = Release|x86
		{13C0E0A0-1C23-4A91-BEAD-2EF602625C99}.Release|Mixed Platforms.Build.0 = Release|x86
		{13C0E0A0-1C23-4A91-BEAD-2EF602625C99}.Release|Mixed Platforms.Deploy.0 = Release|x86
		{13C0E0A0-1C23-4A91-BEAD-2EF602625C99}.Release|x64.ActiveCfg = Release|Any CPU
		{13C0E0A0-1C23-4A91-BEAD-2EF602625C99}.Release|x86.ActiveCfg = Release|x86
		{13C0E0A0-1C23-4A91-BEAD-2EF602625C99}.Release|x86.Build.0 = Release|x86
		{13C0E0A0-1C23-4A91-BEAD-2EF602625C99}.Release|x86.Deploy.0 = Release|x86
		{C7883DF5-DE0E-40A7-A4AE-7BCE62338C3F}.Debug_Device|Any CPU.ActiveCfg = Debug|Any CPU
		{C7883DF5-DE0E-40A7-A4AE-7BCE62338C3F}.Debug_Device|Any CPU.Build.0 = Debug|Any CPU
		{C7883DF5-DE0E-40A7-A4AE-7BCE62338C3F}.Debug_Device|Any CPU.Deploy.0 = Debug|Any CPU
		{C7883DF5-DE0E-40A7-A4AE-7BCE62338C3F}.Debug_Device|ARM.ActiveCfg = Debug|Any CPU
		{C7883DF5-DE0E-40A7-A4AE-7BCE62338C3F}.Debug_Device|Mixed Platforms.ActiveCfg = Debug|Any CPU
		{C7883DF5-DE0E-40A7-A4AE-7BCE62338C3F}.Debug_Device|Mixed Platforms.Build.0 = Debug|Any CPU
		{C7883DF5-DE0E-40A7-A4AE-7BCE62338C3F}.Debug_Device|Mixed Platforms.Deploy.0 = Debug|Any CPU
		{C7883DF5-DE0E-40A7-A4AE-7BCE62338C3F}.Debug_Device|x64.ActiveCfg = Debug|Any CPU
		{C7883DF5-DE0E-40A7-A4AE-7BCE62338C3F}.Debug_Device|x86.ActiveCfg = Debug|Any CPU
		{C7883DF5-DE0E-40A7-A4AE-7BCE62338C3F}.Debug|Any CPU.ActiveCfg = Debug|Any CPU
		{C7883DF5-DE0E-40A7-A4AE-7BCE62338C3F}.Debug|Any CPU.Build.0 = Debug|Any CPU
		{C7883DF5-DE0E-40A7-A4AE-7BCE62338C3F}.Debug|Any CPU.Deploy.0 = Debug|Any CPU
		{C7883DF5-DE0E-40A7-A4AE-7BCE62338C3F}.Debug|ARM.ActiveCfg = Debug|Any CPU
		{C7883DF5-DE0E-40A7-A4AE-7BCE62338C3F}.Debug|Mixed Platforms.ActiveCfg = Debug|Any CPU
		{C7883DF5-DE0E-40A7-A4AE-7BCE62338C3F}.Debug|Mixed Platforms.Build.0 = Debug|Any CPU
		{C7883DF5-DE0E-40A7-A4AE-7BCE62338C3F}.Debug|Mixed Platforms.Deploy.0 = Debug|Any CPU
		{C7883DF5-DE0E-40A7-A4AE-7BCE62338C3F}.Debug|x64.ActiveCfg = Debug|Any CPU
		{C7883DF5-DE0E-40A7-A4AE-7BCE62338C3F}.Debug|x86.ActiveCfg = Debug|Any CPU
		{C7883DF5-DE0E-40A7-A4AE-7BCE62338C3F}.Release|Any CPU.ActiveCfg = Release|Any CPU
		{C7883DF5-DE0E-40A7-A4AE-7BCE62338C3F}.Release|Any CPU.Build.0 = Release|Any CPU
		{C7883DF5-DE0E-40A7-A4AE-7BCE62338C3F}.Release|Any CPU.Deploy.0 = Release|Any CPU
		{C7883DF5-DE0E-40A7-A4AE-7BCE62338C3F}.Release|ARM.ActiveCfg = Release|Any CPU
		{C7883DF5-DE0E-40A7-A4AE-7BCE62338C3F}.Release|Mixed Platforms.ActiveCfg = Release|Any CPU
		{C7883DF5-DE0E-40A7-A4AE-7BCE62338C3F}.Release|Mixed Platforms.Build.0 = Release|Any CPU
		{C7883DF5-DE0E-40A7-A4AE-7BCE62338C3F}.Release|Mixed Platforms.Deploy.0 = Release|Any CPU
		{C7883DF5-DE0E-40A7-A4AE-7BCE62338C3F}.Release|x64.ActiveCfg = Release|Any CPU
		{C7883DF5-DE0E-40A7-A4AE-7BCE62338C3F}.Release|x86.ActiveCfg = Release|Any CPU
		{AE2C3746-1830-41C5-827C-7CF81C21D101}.Debug_Device|Any CPU.ActiveCfg = Debug|x86
		{AE2C3746-1830-41C5-827C-7CF81C21D101}.Debug_Device|ARM.ActiveCfg = Debug|x86
		{AE2C3746-1830-41C5-827C-7CF81C21D101}.Debug_Device|Mixed Platforms.ActiveCfg = Debug|x86
		{AE2C3746-1830-41C5-827C-7CF81C21D101}.Debug_Device|Mixed Platforms.Build.0 = Debug|x86
		{AE2C3746-1830-41C5-827C-7CF81C21D101}.Debug_Device|x64.ActiveCfg = Debug|x86
		{AE2C3746-1830-41C5-827C-7CF81C21D101}.Debug_Device|x86.ActiveCfg = Debug|x86
		{AE2C3746-1830-41C5-827C-7CF81C21D101}.Debug_Device|x86.Build.0 = Debug|x86
		{AE2C3746-1830-41C5-827C-7CF81C21D101}.Debug|Any CPU.ActiveCfg = Debug|x86
		{AE2C3746-1830-41C5-827C-7CF81C21D101}.Debug|ARM.ActiveCfg = Debug|x86
		{AE2C3746-1830-41C5-827C-7CF81C21D101}.Debug|Mixed Platforms.ActiveCfg = Debug|x86
		{AE2C3746-1830-41C5-827C-7CF81C21D101}.Debug|Mixed Platforms.Build.0 = Debug|x86
		{AE2C3746-1830-41C5-827C-7CF81C21D101}.Debug|x64.ActiveCfg = Debug|x86
		{AE2C3746-1830-41C5-827C-7CF81C21D101}.Debug|x86.ActiveCfg = Debug|x86
		{AE2C3746-1830-41C5-827C-7CF81C21D101}.Debug|x86.Build.0 = Debug|x86
		{AE2C3746-1830-41C5-827C-7CF81C21D101}.Release|Any CPU.ActiveCfg = Release|x86
		{AE2C3746-1830-41C5-827C-7CF81C21D101}.Release|ARM.ActiveCfg = Release|x86
		{AE2C3746-1830-41C5-827C-7CF81C21D101}.Release|Mixed Platforms.ActiveCfg = Release|x86
		{AE2C3746-1830-41C5-827C-7CF81C21D101}.Release|Mixed Platforms.Build.0 = Release|x86
		{AE2C3746-1830-41C5-827C-7CF81C21D101}.Release|x64.ActiveCfg = Release|x86
		{AE2C3746-1830-41C5-827C-7CF81C21D101}.Release|x86.ActiveCfg = Release|x86
		{AE2C3746-1830-41C5-827C-7CF81C21D101}.Release|x86.Build.0 = Release|x86
		{1925FA6D-FAC8-4264-9ECD-9D88143B94ED}.Debug_Device|Any CPU.ActiveCfg = Debug|x86
		{1925FA6D-FAC8-4264-9ECD-9D88143B94ED}.Debug_Device|ARM.ActiveCfg = Debug|x86
		{1925FA6D-FAC8-4264-9ECD-9D88143B94ED}.Debug_Device|Mixed Platforms.ActiveCfg = Debug|x86
		{1925FA6D-FAC8-4264-9ECD-9D88143B94ED}.Debug_Device|x64.ActiveCfg = Debug|x86
		{1925FA6D-FAC8-4264-9ECD-9D88143B94ED}.Debug_Device|x86.ActiveCfg = Debug|x86
		{1925FA6D-FAC8-4264-9ECD-9D88143B94ED}.Debug|Any CPU.ActiveCfg = Debug|x86
		{1925FA6D-FAC8-4264-9ECD-9D88143B94ED}.Debug|ARM.ActiveCfg = Debug|x86
		{1925FA6D-FAC8-4264-9ECD-9D88143B94ED}.Debug|Mixed Platforms.ActiveCfg = Debug|x86
		{1925FA6D-FAC8-4264-9ECD-9D88143B94ED}.Debug|x64.ActiveCfg = Debug|x86
		{1925FA6D-FAC8-4264-9ECD-9D88143B94ED}.Debug|x86.ActiveCfg = Debug|x86
		{1925FA6D-FAC8-4264-9ECD-9D88143B94ED}.Release|Any CPU.ActiveCfg = Release|x86
		{1925FA6D-FAC8-4264-9ECD-9D88143B94ED}.Release|ARM.ActiveCfg = Release|x86
		{1925FA6D-FAC8-4264-9ECD-9D88143B94ED}.Release|Mixed Platforms.ActiveCfg = Release|x86
		{1925FA6D-FAC8-4264-9ECD-9D88143B94ED}.Release|x64.ActiveCfg = Release|x86
		{1925FA6D-FAC8-4264-9ECD-9D88143B94ED}.Release|x86.ActiveCfg = Release|x86
	EndGlobalSection
	GlobalSection(SolutionProperties) = preSolution
		HideSolutionNode = FALSE
	EndGlobalSection
	GlobalSection(NestedProjects) = preSolution
		{079229B6-3F30-4C93-9786-CC71C94AB102} = {27E0190F-AC66-4F14-BCB2-4D3DD698D246}
		{8A54C31C-DF8B-4E28-B685-0D5B2D821B94} = {079229B6-3F30-4C93-9786-CC71C94AB102}
		{E7F338D9-610A-403A-9972-BCF113F45949} = {079229B6-3F30-4C93-9786-CC71C94AB102}
		{981BE56A-2068-4614-89B2-E635624514E2} = {079229B6-3F30-4C93-9786-CC71C94AB102}
		{D708C754-0030-4F21-84D8-BD4960765C1B} = {27E0190F-AC66-4F14-BCB2-4D3DD698D246}
		{13C0E0A0-1C23-4A91-BEAD-2EF602625C99} = {D708C754-0030-4F21-84D8-BD4960765C1B}
		{B9499122-6657-4914-9708-E18E7D56B5DF} = {27E0190F-AC66-4F14-BCB2-4D3DD698D246}
		{C7883DF5-DE0E-40A7-A4AE-7BCE62338C3F} = {B9499122-6657-4914-9708-E18E7D56B5DF}
		{AE2C3746-1830-41C5-827C-7CF81C21D101} = {B9E0C8F2-75BA-414E-8153-B915400BF4E6}
		{1925FA6D-FAC8-4264-9ECD-9D88143B94ED} = {B9E0C8F2-75BA-414E-8153-B915400BF4E6}
	EndGlobalSection
	GlobalSection(MonoDevelopProperties) = preSolution
		StartupItem = Monokrome.Android\Monokrome.Android.csproj
		version = 1.2.0.0
	EndGlobalSection
EndGlobal
